
Microsoft Visual Studio Solution File, Format Version 12.00
# Visual Studio 15
VisualStudioVersion = 15.0.28307.1321
MinimumVisualStudioVersion = 10.0.40219.1
Project("{FAE04EC0-301F-11D3-BF4B-00C04F79EFBC}") = "Appone", "Appone\Appone.csproj", "{C03800FD-3CE7-40A8-A8C7-177638698ACB}"
EndProject
Project("{FAE04EC0-301F-11D3-BF4B-00C04F79EFBC}") = "WebApplication1", "WebApplication1\WebApplication1.csproj", "{FD6C8B65-DA1C-4141-80BF-DAAEC8AB5BA9}"
EndProject
Project("{FAE04EC0-301F-11D3-BF4B-00C04F79EFBC}") = "WebApplication2", "WebApplication2\WebApplication2.csproj", "{5CC52D5B-7EF8-4D44-B4EE-53FCE8DE58C2}"
EndProject
Global
	GlobalSection(SolutionConfigurationPlatforms) = preSolution
		Debug|Any CPU = Debug|Any CPU
		Release|Any CPU = Release|Any CPU
	EndGlobalSection
	GlobalSection(ProjectConfigurationPlatforms) = postSolution
		{C03800FD-3CE7-40A8-A8C7-177638698ACB}.Debug|Any CPU.ActiveCfg = Debug|Any CPU
		{C03800FD-3CE7-40A8-A8C7-177638698ACB}.Debug|Any CPU.Build.0 = Debug|Any CPU
		{C03800FD-3CE7-40A8-A8C7-177638698ACB}.Release|Any CPU.ActiveCfg = Release|Any CPU
		{C03800FD-3CE7-40A8-A8C7-177638698ACB}.Release|Any CPU.Build.0 = Release|Any CPU
		{FD6C8B65-DA1C-4141-80BF-DAAEC8AB5BA9}.Debug|Any CPU.ActiveCfg = Debug|Any CPU
		{FD6C8B65-DA1C-4141-80BF-DAAEC8AB5BA9}.Debug|Any CPU.Build.0 = Debug|Any CPU
		{FD6C8B65-DA1C-4141-80BF-DAAEC8AB5BA9}.Release|Any CPU.ActiveCfg = Release|Any CPU
		{FD6C8B65-DA1C-4141-80BF-DAAEC8AB5BA9}.Release|Any CPU.Build.0 = Release|Any CPU
		{5CC52D5B-7EF8-4D44-B4EE-53FCE8DE58C2}.Debug|Any CPU.ActiveCfg = Debug|Any CPU
		{5CC52D5B-7EF8-4D44-B4EE-53FCE8DE58C2}.Debug|Any CPU.Build.0 = Debug|Any CPU
		{5CC52D5B-7EF8-4D44-B4EE-53FCE8DE58C2}.Release|Any CPU.ActiveCfg = Release|Any CPU
		{5CC52D5B-7EF8-4D44-B4EE-53FCE8DE58C2}.Release|Any CPU.Build.0 = Release|Any CPU
	EndGlobalSection
	GlobalSection(SolutionProperties) = preSolution
		HideSolutionNode = FALSE
	EndGlobalSection
	GlobalSection(ExtensibilityGlobals) = postSolution
		SolutionGuid = {90BFCA7D-012A-4476-BF11-28A7159F96B4}
	EndGlobalSection
EndGlobal
